
Microsoft Visual Studio Solution File, Format Version 12.00
# Visual Studio 2012
Project("{FAE04EC0-301F-11D3-BF4B-00C04F79EFBC}") = "MacForms", "MacForms\MacForms.csproj", "{8516BD19-F6E8-4822-B70B-593EBDFD9B4F}"
EndProject
Project("{FAE04EC0-301F-11D3-BF4B-00C04F79EFBC}") = "MacForms.iOS", "iOS\MacForms.iOS.csproj", "{A1864179-A053-4B37-BAC2-EFA775833C74}"
EndProject
Project("{FAE04EC0-301F-11D3-BF4B-00C04F79EFBC}") = "MacForms.Droid", "Droid\MacForms.Droid.csproj", "{B7E19F74-AFDC-4652-BA30-85FFFE414EA9}"
EndProject
Global
	GlobalSection(SolutionConfigurationPlatforms) = preSolution
		Debug|Any CPU = Debug|Any CPU
		Release|Any CPU = Release|Any CPU
		Debug|iPhoneSimulator = Debug|iPhoneSimulator
		Release|iPhone = Release|iPhone
		Release|iPhoneSimulator = Release|iPhoneSimulator
		Debug|iPhone = Debug|iPhone
	EndGlobalSection
	GlobalSection(ProjectConfigurationPlatforms) = postSolution
		{8516BD19-F6E8-4822-B70B-593EBDFD9B4F}.Debug|Any CPU.ActiveCfg = Debug|Any CPU
		{8516BD19-F6E8-4822-B70B-593EBDFD9B4F}.Debug|Any CPU.Build.0 = Debug|Any CPU
		{8516BD19-F6E8-4822-B70B-593EBDFD9B4F}.Release|Any CPU.ActiveCfg = Release|Any CPU
		{8516BD19-F6E8-4822-B70B-593EBDFD9B4F}.Release|Any CPU.Build.0 = Release|Any CPU
		{8516BD19-F6E8-4822-B70B-593EBDFD9B4F}.Debug|iPhoneSimulator.ActiveCfg = Debug|Any CPU
		{8516BD19-F6E8-4822-B70B-593EBDFD9B4F}.Debug|iPhoneSimulator.Build.0 = Debug|Any CPU
		{8516BD19-F6E8-4822-B70B-593EBDFD9B4F}.Release|iPhone.ActiveCfg = Release|Any CPU
		{8516BD19-F6E8-4822-B70B-593EBDFD9B4F}.Release|iPhone.Build.0 = Release|Any CPU
		{8516BD19-F6E8-4822-B70B-593EBDFD9B4F}.Release|iPhoneSimulator.ActiveCfg = Release|Any CPU
		{8516BD19-F6E8-4822-B70B-593EBDFD9B4F}.Release|iPhoneSimulator.Build.0 = Release|Any CPU
		{8516BD19-F6E8-4822-B70B-593EBDFD9B4F}.Debug|iPhone.ActiveCfg = Debug|Any CPU
		{8516BD19-F6E8-4822-B70B-593EBDFD9B4F}.Debug|iPhone.Build.0 = Debug|Any CPU
		{A1864179-A053-4B37-BAC2-EFA775833C74}.Debug|Any CPU.ActiveCfg = Debug|iPhoneSimulator
		{A1864179-A053-4B37-BAC2-EFA775833C74}.Debug|Any CPU.Build.0 = Debug|iPhoneSimulator
		{A1864179-A053-4B37-BAC2-EFA775833C74}.Release|Any CPU.ActiveCfg = Release|iPhone
		{A1864179-A053-4B37-BAC2-EFA775833C74}.Release|Any CPU.Build.0 = Release|iPhone
		{A1864179-A053-4B37-BAC2-EFA775833C74}.Debug|iPhoneSimulator.ActiveCfg = Debug|iPhoneSimulator
		{A1864179-A053-4B37-BAC2-EFA775833C74}.Debug|iPhoneSimulator.Build.0 = Debug|iPhoneSimulator
		{A1864179-A053-4B37-BAC2-EFA775833C74}.Release|iPhone.ActiveCfg = Release|iPhone
		{A1864179-A053-4B37-BAC2-EFA775833C74}.Release|iPhone.Build.0 = Release|iPhone
		{A1864179-A053-4B37-BAC2-EFA775833C74}.Release|iPhoneSimulator.ActiveCfg = Release|iPhoneSimulator
		{A1864179-A053-4B37-BAC2-EFA775833C74}.Release|iPhoneSimulator.Build.0 = Release|iPhoneSimulator
		{A1864179-A053-4B37-BAC2-EFA775833C74}.Debug|iPhone.ActiveCfg = Debug|iPhone
		{A1864179-A053-4B37-BAC2-EFA775833C74}.Debug|iPhone.Build.0 = Debug|iPhone
		{B7E19F74-AFDC-4652-BA30-85FFFE414EA9}.Debug|Any CPU.ActiveCfg = Debug|Any CPU
		{B7E19F74-AFDC-4652-BA30-85FFFE414EA9}.Debug|Any CPU.Build.0 = Debug|Any CPU
		{B7E19F74-AFDC-4652-BA30-85FFFE414EA9}.Release|Any CPU.ActiveCfg = Release|Any CPU
		{B7E19F74-AFDC-4652-BA30-85FFFE414EA9}.Release|Any CPU.Build.0 = Release|Any CPU
		{B7E19F74-AFDC-4652-BA30-85FFFE414EA9}.Debug|iPhoneSimulator.ActiveCfg = Debug|Any CPU
		{B7E19F74-AFDC-4652-BA30-85FFFE414EA9}.Debug|iPhoneSimulator.Build.0 = Debug|Any CPU
		{B7E19F74-AFDC-4652-BA30-85FFFE414EA9}.Release|iPhone.ActiveCfg = Release|Any CPU
		{B7E19F74-AFDC-4652-BA30-85FFFE414EA9}.Release|iPhone.Build.0 = Release|Any CPU
		{B7E19F74-AFDC-4652-BA30-85FFFE414EA9}.Release|iPhoneSimulator.ActiveCfg = Release|Any CPU
		{B7E19F74-AFDC-4652-BA30-85FFFE414EA9}.Release|iPhoneSimulator.Build.0 = Release|Any CPU
		{B7E19F74-AFDC-4652-BA30-85FFFE414EA9}.Debug|iPhone.ActiveCfg = Debug|Any CPU
		{B7E19F74-AFDC-4652-BA30-85FFFE414EA9}.Debug|iPhone.Build.0 = Debug|Any CPU
	EndGlobalSection
EndGlobal
